
Microsoft Visual Studio Solution File, Format Version 12.00
# Visual Studio Version 17
VisualStudioVersion = 17.0.32014.148
MinimumVisualStudioVersion = 10.0.40219.1
Project("{9A19103F-16F7-4668-BE54-9A1E7A4F7556}") = "CodeWarsProject", "CodeWarsProject\CodeWarsProject.csproj", "{F37BF3EB-28E3-400C-BF79-B52A5C8F680E}"
EndProject
Project("{FAE04EC0-301F-11D3-BF4B-00C04F79EFBC}") = "CreatePhoneNumber", "CreatePhoneNumber\CreatePhoneNumber.csproj", "{7DBE6043-3190-42B8-933B-55CA07E9B715}"
EndProject
Project("{FAE04EC0-301F-11D3-BF4B-00C04F79EFBC}") = "FindEvenIndex", "FindEvenIndex\FindEvenIndex.csproj", "{7871AE52-64A0-442A-9EB4-FFCA9E12EDEA}"
EndProject
Project("{FAE04EC0-301F-11D3-BF4B-00C04F79EFBC}") = "HighAndLow", "HighAndLow\HighAndLow.csproj", "{7F466869-F9E6-467F-BBFA-083CE18AD47C}"
EndProject
Project("{FAE04EC0-301F-11D3-BF4B-00C04F79EFBC}") = "Anagrams", "Anagrams\Anagrams.csproj", "{F878B4C6-79C7-4449-898B-F70B74FAE579}"
EndProject
Global
	GlobalSection(SolutionConfigurationPlatforms) = preSolution
		Debug|Any CPU = Debug|Any CPU
		Release|Any CPU = Release|Any CPU
	EndGlobalSection
	GlobalSection(ProjectConfigurationPlatforms) = postSolution
		{F37BF3EB-28E3-400C-BF79-B52A5C8F680E}.Debug|Any CPU.ActiveCfg = Debug|Any CPU
		{F37BF3EB-28E3-400C-BF79-B52A5C8F680E}.Debug|Any CPU.Build.0 = Debug|Any CPU
		{F37BF3EB-28E3-400C-BF79-B52A5C8F680E}.Release|Any CPU.ActiveCfg = Release|Any CPU
		{F37BF3EB-28E3-400C-BF79-B52A5C8F680E}.Release|Any CPU.Build.0 = Release|Any CPU
		{7DBE6043-3190-42B8-933B-55CA07E9B715}.Debug|Any CPU.ActiveCfg = Debug|Any CPU
		{7DBE6043-3190-42B8-933B-55CA07E9B715}.Debug|Any CPU.Build.0 = Debug|Any CPU
		{7DBE6043-3190-42B8-933B-55CA07E9B715}.Release|Any CPU.ActiveCfg = Release|Any CPU
		{7DBE6043-3190-42B8-933B-55CA07E9B715}.Release|Any CPU.Build.0 = Release|Any CPU
		{7871AE52-64A0-442A-9EB4-FFCA9E12EDEA}.Debug|Any CPU.ActiveCfg = Debug|Any CPU
		{7871AE52-64A0-442A-9EB4-FFCA9E12EDEA}.Debug|Any CPU.Build.0 = Debug|Any CPU
		{7871AE52-64A0-442A-9EB4-FFCA9E12EDEA}.Release|Any CPU.ActiveCfg = Release|Any CPU
		{7871AE52-64A0-442A-9EB4-FFCA9E12EDEA}.Release|Any CPU.Build.0 = Release|Any CPU
		{7F466869-F9E6-467F-BBFA-083CE18AD47C}.Debug|Any CPU.ActiveCfg = Debug|Any CPU
		{7F466869-F9E6-467F-BBFA-083CE18AD47C}.Debug|Any CPU.Build.0 = Debug|Any CPU
		{7F466869-F9E6-467F-BBFA-083CE18AD47C}.Release|Any CPU.ActiveCfg = Release|Any CPU
		{7F466869-F9E6-467F-BBFA-083CE18AD47C}.Release|Any CPU.Build.0 = Release|Any CPU
		{F878B4C6-79C7-4449-898B-F70B74FAE579}.Debug|Any CPU.ActiveCfg = Debug|Any CPU
		{F878B4C6-79C7-4449-898B-F70B74FAE579}.Debug|Any CPU.Build.0 = Debug|Any CPU
		{F878B4C6-79C7-4449-898B-F70B74FAE579}.Release|Any CPU.ActiveCfg = Release|Any CPU
		{F878B4C6-79C7-4449-898B-F70B74FAE579}.Release|Any CPU.Build.0 = Release|Any CPU
	EndGlobalSection
	GlobalSection(SolutionProperties) = preSolution
		HideSolutionNode = FALSE
	EndGlobalSection
	GlobalSection(ExtensibilityGlobals) = postSolution
		SolutionGuid = {8B05D84A-D46D-4AC0-835D-B9F18E6EFE1A}
	EndGlobalSection
EndGlobal
